// !$*UTF8*$!
{
	archiveVersion = 1;
	classes = {
	};
	objectVersion = 46;
	objects = {

/* Begin PBXBuildFile section */
		F27C20571E58A02A00E86B45 /* main.swift in Sources */ = {isa = PBXBuildFile; fileRef = F27C20561E58A02A00E86B45 /* main.swift */; };
		F27C205E1E58A04C00E86B45 /* Breakpoint.swift in Sources */ = {isa = PBXBuildFile; fileRef = F27C205D1E58A04C00E86B45 /* Breakpoint.swift */; };
		F27C20631E5B071D00E86B45 /* mach_excServer.c in Sources */ = {isa = PBXBuildFile; fileRef = F27C20611E5B071D00E86B45 /* mach_excServer.c */; };
		F27C20641E5B071D00E86B45 /* mach_excUser.c in Sources */ = {isa = PBXBuildFile; fileRef = F27C20621E5B071D00E86B45 /* mach_excUser.c */; };
		F27C20661E5B1CC800E86B45 /* Debugger.swift in Sources */ = {isa = PBXBuildFile; fileRef = F27C20651E5B1CC800E86B45 /* Debugger.swift */; };
		F27C206B1E5B27A000E86B45 /* mach_excImpl.c in Sources */ = {isa = PBXBuildFile; fileRef = F27C206A1E5B27A000E86B45 /* mach_excImpl.c */; };
/* End PBXBuildFile section */

/* Begin PBXCopyFilesBuildPhase section */
		F27C20511E58A02A00E86B45 /* CopyFiles */ = {
			isa = PBXCopyFilesBuildPhase;
			buildActionMask = 2147483647;
			dstPath = /usr/share/man/man1/;
			dstSubfolderSpec = 0;
			files = (
			);
			runOnlyForDeploymentPostprocessing = 1;
		};
/* End PBXCopyFilesBuildPhase section */

/* Begin PBXFileReference section */
		F27C20531E58A02A00E86B45 /* SwiftDebugTest */ = {isa = PBXFileReference; explicitFileType = "compiled.mach-o.executable"; includeInIndex = 0; path = SwiftDebugTest; sourceTree = BUILT_PRODUCTS_DIR; };
		F27C20561E58A02A00E86B45 /* main.swift */ = {isa = PBXFileReference; lastKnownFileType = sourcecode.swift; path = main.swift; sourceTree = "<group>"; };
		F27C205D1E58A04C00E86B45 /* Breakpoint.swift */ = {isa = PBXFileReference; fileEncoding = 4; lastKnownFileType = sourcecode.swift; path = Breakpoint.swift; sourceTree = "<group>"; };
		F27C205F1E5B071D00E86B45 /* SwiftDebugTest-Bridging-Header.h */ = {isa = PBXFileReference; lastKnownFileType = sourcecode.c.h; path = "SwiftDebugTest-Bridging-Header.h"; sourceTree = "<group>"; };
		F27C20601E5B071D00E86B45 /* mach_exc.h */ = {isa = PBXFileReference; fileEncoding = 4; lastKnownFileType = sourcecode.c.h; name = mach_exc.h; path = ../../MasterLib/src/mach_exc.h; sourceTree = "<group>"; };
		F27C20611E5B071D00E86B45 /* mach_excServer.c */ = {isa = PBXFileReference; fileEncoding = 4; lastKnownFileType = sourcecode.c.c; name = mach_excServer.c; path = ../../MasterLib/src/mach_excServer.c; sourceTree = "<group>"; };
		F27C20621E5B071D00E86B45 /* mach_excUser.c */ = {isa = PBXFileReference; fileEncoding = 4; lastKnownFileType = sourcecode.c.c; name = mach_excUser.c; path = ../../MasterLib/src/mach_excUser.c; sourceTree = "<group>"; };
		F27C20651E5B1CC800E86B45 /* Debugger.swift */ = {isa = PBXFileReference; fileEncoding = 4; lastKnownFileType = sourcecode.swift; path = Debugger.swift; sourceTree = "<group>"; };
		F27C206A1E5B27A000E86B45 /* mach_excImpl.c */ = {isa = PBXFileReference; fileEncoding = 4; lastKnownFileType = sourcecode.c.c; path = mach_excImpl.c; sourceTree = "<group>"; };
		F27C206C1E5B2BA100E86B45 /* mach_excImpl.h */ = {isa = PBXFileReference; lastKnownFileType = sourcecode.c.h; path = mach_excImpl.h; sourceTree = "<group>"; };
/* End PBXFileReference section */

/* Begin PBXFrameworksBuildPhase section */
		F27C20501E58A02A00E86B45 /* Frameworks */ = {
			isa = PBXFrameworksBuildPhase;
			buildActionMask = 2147483647;
			files = (
			);
			runOnlyForDeploymentPostprocessing = 0;
		};
/* End PBXFrameworksBuildPhase section */

/* Begin PBXGroup section */
		F27C204A1E58A02A00E86B45 = {
			isa = PBXGroup;
			children = (
				F27C20551E58A02A00E86B45 /* SwiftDebugTest */,
				F27C20541E58A02A00E86B45 /* Products */,
			);
			sourceTree = "<group>";
		};
		F27C20541E58A02A00E86B45 /* Products */ = {
			isa = PBXGroup;
			children = (
				F27C20531E58A02A00E86B45 /* SwiftDebugTest */,
			);
			name = Products;
			sourceTree = "<group>";
		};
		F27C20551E58A02A00E86B45 /* SwiftDebugTest */ = {
			isa = PBXGroup;
			children = (
				F27C20561E58A02A00E86B45 /* main.swift */,
				F27C205D1E58A04C00E86B45 /* Breakpoint.swift */,
				F27C20601E5B071D00E86B45 /* mach_exc.h */,
				F27C20611E5B071D00E86B45 /* mach_excServer.c */,
				F27C20621E5B071D00E86B45 /* mach_excUser.c */,
				F27C205F1E5B071D00E86B45 /* SwiftDebugTest-Bridging-Header.h */,
				F27C20651E5B1CC800E86B45 /* Debugger.swift */,
				F27C206A1E5B27A000E86B45 /* mach_excImpl.c */,
				F27C206C1E5B2BA100E86B45 /* mach_excImpl.h */,
			);
			path = SwiftDebugTest;
			sourceTree = "<group>";
		};
/* End PBXGroup section */

/* Begin PBXNativeTarget section */
		F27C20521E58A02A00E86B45 /* SwiftDebugTest */ = {
			isa = PBXNativeTarget;
			buildConfigurationList = F27C205A1E58A02A00E86B45 /* Build configuration list for PBXNativeTarget "SwiftDebugTest" */;
			buildPhases = (
				F27C204F1E58A02A00E86B45 /* Sources */,
				F27C20501E58A02A00E86B45 /* Frameworks */,
				F27C20511E58A02A00E86B45 /* CopyFiles */,
			);
			buildRules = (
			);
			dependencies = (
			);
			name = SwiftDebugTest;
			productName = SwiftDebugTest;
			productReference = F27C20531E58A02A00E86B45 /* SwiftDebugTest */;
			productType = "com.apple.product-type.tool";
		};
/* End PBXNativeTarget section */

/* Begin PBXProject section */
		F27C204B1E58A02A00E86B45 /* Project object */ = {
			isa = PBXProject;
			attributes = {
				LastSwiftUpdateCheck = 0820;
				LastUpgradeCheck = 0820;
				ORGANIZATIONNAME = Satori;
				TargetAttributes = {
					F27C20521E58A02A00E86B45 = {
						CreatedOnToolsVersion = 8.2.1;
						LastSwiftMigration = 0820;
						ProvisioningStyle = Automatic;
					};
				};
			};
			buildConfigurationList = F27C204E1E58A02A00E86B45 /* Build configuration list for PBXProject "SwiftDebugTest" */;
			compatibilityVersion = "Xcode 3.2";
			developmentRegion = English;
			hasScannedForEncodings = 0;
			knownRegions = (
				en,
			);
			mainGroup = F27C204A1E58A02A00E86B45;
			productRefGroup = F27C20541E58A02A00E86B45 /* Products */;
			projectDirPath = "";
			projectRoot = "";
			targets = (
				F27C20521E58A02A00E86B45 /* SwiftDebugTest */,
			);
		};
/* End PBXProject section */

/* Begin PBXSourcesBuildPhase section */
		F27C204F1E58A02A00E86B45 /* Sources */ = {
			isa = PBXSourcesBuildPhase;
			buildActionMask = 2147483647;
			files = (
				F27C205E1E58A04C00E86B45 /* Breakpoint.swift in Sources */,
				F27C20631E5B071D00E86B45 /* mach_excServer.c in Sources */,
				F27C20641E5B071D00E86B45 /* mach_excUser.c in Sources */,
				F27C206B1E5B27A000E86B45 /* mach_excImpl.c in Sources */,
				F27C20661E5B1CC800E86B45 /* Debugger.swift in Sources */,
				F27C20571E58A02A00E86B45 /* main.swift in Sources */,
			);
			runOnlyForDeploymentPostprocessing = 0;
		};
/* End PBXSourcesBuildPhase section */

/* Begin XCBuildConfiguration section */
		F27C20581E58A02A00E86B45 /* Debug */ = {
			isa = XCBuildConfiguration;
			buildSettings = {
				ALWAYS_SEARCH_USER_PATHS = NO;
				CLANG_ANALYZER_NONNULL = YES;
				CLANG_CXX_LANGUAGE_STANDARD = "gnu++0x";
				CLANG_CXX_LIBRARY = "libc++";
				CLANG_ENABLE_MODULES = YES;
				CLANG_ENABLE_OBJC_ARC = YES;
				CLANG_WARN_BOOL_CONVERSION = YES;
				CLANG_WARN_CONSTANT_CONVERSION = YES;
				CLANG_WARN_DIRECT_OBJC_ISA_USAGE = YES_ERROR;
				CLANG_WARN_DOCUMENTATION_COMMENTS = YES;
				CLANG_WARN_EMPTY_BODY = YES;
				CLANG_WARN_ENUM_CONVERSION = YES;
				CLANG_WARN_INFINITE_RECURSION = YES;
				CLANG_WARN_INT_CONVERSION = YES;
				CLANG_WARN_OBJC_ROOT_CLASS = YES_ERROR;
				CLANG_WARN_SUSPICIOUS_MOVE = YES;
				CLANG_WARN_UNREACHABLE_CODE = YES;
				CLANG_WARN__DUPLICATE_METHOD_MATCH = YES;
				CODE_SIGN_IDENTITY = "-";
				COPY_PHASE_STRIP = NO;
				DEBUG_INFORMATION_FORMAT = dwarf;
				ENABLE_STRICT_OBJC_MSGSEND = YES;
				ENABLE_TESTABILITY = YES;
				GCC_C_LANGUAGE_STANDARD = gnu99;
				GCC_DYNAMIC_NO_PIC = NO;
				GCC_NO_COMMON_BLOCKS = YES;
				GCC_OPTIMIZATION_LEVEL = 0;
				GCC_PREPROCESSOR_DEFINITIONS = (
					"DEBUG=1",
					"$(inherited)",
				);
				GCC_WARN_64_TO_32_BIT_CONVERSION = YES;
				GCC_WARN_ABOUT_RETURN_TYPE = YES_ERROR;
				GCC_WARN_UNDECLARED_SELECTOR = YES;
				GCC_WARN_UNINITIALIZED_AUTOS = YES_AGGRESSIVE;
				GCC_WARN_UNUSED_FUNCTION = YES;
				GCC_WARN_UNUSED_VARIABLE = YES;
				MACOSX_DEPLOYMENT_TARGET = 10.12;
				MTL_ENABLE_DEBUG_INFO = YES;
				ONLY_ACTIVE_ARCH = YES;
				SDKROOT = macosx;
				SWIFT_OPTIMIZATION_LEVEL = "-Onone";
			};
			name = Debug;
		};
		F27C20591E58A02A00E86B45 /* Release */ = {
			isa = XCBuildConfiguration;
			buildSettings = {
				ALWAYS_SEARCH_USER_PATHS = NO;
				CLANG_ANALYZER_NONNULL = YES;
				CLANG_CXX_LANGUAGE_STANDARD = "gnu++0x";
				CLANG_CXX_LIBRARY = "libc++";
				CLANG_ENABLE_MODULES = YES;
				CLANG_ENABLE_OBJC_ARC = YES;
				CLANG_WARN_BOOL_CONVERSION = YES;
				CLANG_WARN_CONSTANT_CONVERSION = YES;
				CLANG_WARN_DIRECT_OBJC_ISA_USAGE = YES_ERROR;
				CLANG_WARN_DOCUMENTATION_COMMENTS = YES;
				CLANG_WARN_EMPTY_BODY = YES;
				CLANG_WARN_ENUM_CONVERSION = YES;
				CLANG_WARN_INFINITE_RECURSION = YES;
				CLANG_WARN_INT_CONVERSION = YES;
				CLANG_WARN_OBJC_ROOT_CLASS = YES_ERROR;
				CLANG_WARN_SUSPICIOUS_MOVE = YES;
				CLANG_WARN_UNREACHABLE_CODE = YES;
				CLANG_WARN__DUPLICATE_METHOD_MATCH = YES;
				CODE_SIGN_IDENTITY = "-";
				COPY_PHASE_STRIP = NO;
				DEBUG_INFORMATION_FORMAT = "dwarf-with-dsym";
				ENABLE_NS_ASSERTIONS = NO;
				ENABLE_STRICT_OBJC_MSGSEND = YES;
				GCC_C_LANGUAGE_STANDARD = gnu99;
				GCC_NO_COMMON_BLOCKS = YES;
				GCC_WARN_64_TO_32_BIT_CONVERSION = YES;
				GCC_WARN_ABOUT_RETURN_TYPE = YES_ERROR;
				GCC_WARN_UNDECLARED_SELECTOR = YES;
				GCC_WARN_UNINITIALIZED_AUTOS = YES_AGGRESSIVE;
				GCC_WARN_UNUSED_FUNCTION = YES;
				GCC_WARN_UNUSED_VARIABLE = YES;
				MACOSX_DEPLOYMENT_TARGET = 10.12;
				MTL_ENABLE_DEBUG_INFO = NO;
				SDKROOT = macosx;
			};
			name = Release;
		};
		F27C205B1E58A02A00E86B45 /* Debug */ = {
			isa = XCBuildConfiguration;
			buildSettings = {
				ARCHS = "$(ARCHS_STANDARD)";
				CLANG_ENABLE_MODULES = YES;
				LD_RUNPATH_SEARCH_PATHS = "$(inherited) @executable_path/../Frameworks @loader_path/../Frameworks";
				ONLY_ACTIVE_ARCH = NO;
				PRODUCT_NAME = "$(TARGET_NAME)";
				SWIFT_OBJC_BRIDGING_HEADER = "SwiftDebugTest/SwiftDebugTest-Bridging-Header.h";
				SWIFT_OPTIMIZATION_LEVEL = "-Onone";
				SWIFT_VERSION = 3.0;
			};
			name = Debug;
		};
		F27C205C1E58A02A00E86B45 /* Release */ = {
			isa = XCBuildConfiguration;
			buildSettings = {
				ARCHS = "$(ARCHS_STANDARD)";
				CLANG_ENABLE_MODULES = YES;
				LD_RUNPATH_SEARCH_PATHS = "$(inherited) @executable_path/../Frameworks @loader_path/../Frameworks";
				PRODUCT_NAME = "$(TARGET_NAME)";
				SWIFT_OBJC_BRIDGING_HEADER = "SwiftDebugTest/SwiftDebugTest-Bridging-Header.h";
				SWIFT_VERSION = 3.0;
			};
			name = Release;
		};
/* End XCBuildConfiguration section */

/* Begin XCConfigurationList section */
		F27C204E1E58A02A00E86B45 /* Build configuration list for PBXProject "SwiftDebugTest" */ = {
			isa = XCConfigurationList;
			buildConfigurations = (
				F27C20581E58A02A00E86B45 /* Debug */,
				F27C20591E58A02A00E86B45 /* Release */,
			);
			defaultConfigurationIsVisible = 0;
			defaultConfigurationName = Release;
		};
		F27C205A1E58A02A00E86B45 /* Build configuration list for PBXNativeTarget "SwiftDebugTest" */ = {
			isa = XCConfigurationList;
			buildConfigurations = (
				F27C205B1E58A02A00E86B45 /* Debug */,
				F27C205C1E58A02A00E86B45 /* Release */,
			);
			defaultConfigurationIsVisible = 0;
			defaultConfigurationName = Release;
		};
/* End XCConfigurationList section */
	};
	rootObject = F27C204B1E58A02A00E86B45 /* Project object */;
}
